PODS:
  - MagicalRecord (2.2):
    - MagicalRecord/Core (= 2.2)
  - MagicalRecord/Core (2.2)
  - Masonry (1.0.1)

DEPENDENCIES:
  - MagicalRecord
  - Masonry

SPEC CHECKSUMS:
  MagicalRecord: 2dc87179ae7c1f2a274442624ec65a07d4357a6f
  Masonry: a1a931a0d08870ed8ae415a2ea5ea68ebcac77df

PODFILE CHECKSUM: 49fccc78769adeeb892698b26413af54735e65c7

COCOAPODS: 1.1.0.beta.1
